
Microsoft Visual Studio Solution File, Format Version 12.00
# Visual Studio 15
Project("{FAE04EC0-301F-11D3-BF4B-00C04F79EFBC}") = "ModoBusiness", "ModoBusiness\ModoBusiness.csproj", "{01B50722-F430-4F06-BB54-1517AC8A1AC4}"
EndProject
Project("{FAE04EC0-301F-11D3-BF4B-00C04F79EFBC}") = "ModoWebAPI", "ModoWebAPI\ModoWebAPI.csproj", "{35186A61-D577-45DD-9915-453B38DFDC6A}"
EndProject
Project("{FAE04EC0-301F-11D3-BF4B-00C04F79EFBC}") = "WebClient", "WebClient\WebClient.csproj", "{5B3CA611-A3CC-4AAB-8972-47748DFAF56F}"
EndProject
Global
	GlobalSection(SolutionConfigurationPlatforms) = preSolution
		Debug|Any CPU = Debug|Any CPU
		Release|Any CPU = Release|Any CPU
	EndGlobalSection
	GlobalSection(ProjectConfigurationPlatforms) = postSolution
		{01B50722-F430-4F06-BB54-1517AC8A1AC4}.Debug|Any CPU.ActiveCfg = Debug|Any CPU
		{01B50722-F430-4F06-BB54-1517AC8A1AC4}.Debug|Any CPU.Build.0 = Debug|Any CPU
		{01B50722-F430-4F06-BB54-1517AC8A1AC4}.Release|Any CPU.ActiveCfg = Release|Any CPU
		{01B50722-F430-4F06-BB54-1517AC8A1AC4}.Release|Any CPU.Build.0 = Release|Any CPU
		{35186A61-D577-45DD-9915-453B38DFDC6A}.Debug|Any CPU.ActiveCfg = Debug|Any CPU
		{35186A61-D577-45DD-9915-453B38DFDC6A}.Debug|Any CPU.Build.0 = Debug|Any CPU
		{35186A61-D577-45DD-9915-453B38DFDC6A}.Release|Any CPU.ActiveCfg = Release|Any CPU
		{35186A61-D577-45DD-9915-453B38DFDC6A}.Release|Any CPU.Build.0 = Release|Any CPU
		{5B3CA611-A3CC-4AAB-8972-47748DFAF56F}.Debug|Any CPU.ActiveCfg = Debug|Any CPU
		{5B3CA611-A3CC-4AAB-8972-47748DFAF56F}.Debug|Any CPU.Build.0 = Debug|Any CPU
		{5B3CA611-A3CC-4AAB-8972-47748DFAF56F}.Release|Any CPU.ActiveCfg = Release|Any CPU
		{5B3CA611-A3CC-4AAB-8972-47748DFAF56F}.Release|Any CPU.Build.0 = Release|Any CPU
	EndGlobalSection
EndGlobal
